
Microsoft Visual Studio Solution File, Format Version 12.00
# Visual Studio Version 17
VisualStudioVersion = 17.14.36401.2 d17.14
MinimumVisualStudioVersion = 10.0.40219.1
Project("{FAE04EC0-301F-11D3-BF4B-00C04F79EFBC}") = "VRCMetadataStripper", "VRCMetadataStripper.csproj", "{31CDE2DF-E1E1-4CBB-B030-2BA0D5718776}"
EndProject
Global
	GlobalSection(SolutionConfigurationPlatforms) = preSolution
		Debug|Any CPU = Debug|Any CPU
		Publish|Any CPU = Publish|Any CPU
	EndGlobalSection
	GlobalSection(ProjectConfigurationPlatforms) = postSolution
		{31CDE2DF-E1E1-4CBB-B030-2BA0D5718776}.Debug|Any CPU.ActiveCfg = Debug|Any CPU
		{31CDE2DF-E1E1-4CBB-B030-2BA0D5718776}.Debug|Any CPU.Build.0 = Debug|Any CPU
		{31CDE2DF-E1E1-4CBB-B030-2BA0D5718776}.Publish|Any CPU.ActiveCfg = Publish|Any CPU
		{31CDE2DF-E1E1-4CBB-B030-2BA0D5718776}.Publish|Any CPU.Build.0 = Publish|Any CPU
	EndGlobalSection
	GlobalSection(SolutionProperties) = preSolution
		HideSolutionNode = FALSE
	EndGlobalSection
	GlobalSection(ExtensibilityGlobals) = postSolution
		SolutionGuid = {9999D4DD-1F36-4679-9CE0-4BCD53030700}
	EndGlobalSection
EndGlobal
